
Microsoft Visual Studio Solution File, Format Version 12.00
# Visual Studio Version 17
VisualStudioVersion = 17.9.34902.65
MinimumVisualStudioVersion = 10.0.40219.1
Project("{FAE04EC0-301F-11D3-BF4B-00C04F79EFBC}") = "Projekat", "Projekat.csproj", "{EABACB6A-1055-40EC-A1E7-D9490DE65F14}"
EndProject
Global
	GlobalSection(SolutionConfigurationPlatforms) = preSolution
		Debug|Any CPU = Debug|Any CPU
		Release|Any CPU = Release|Any CPU
	EndGlobalSection
	GlobalSection(ProjectConfigurationPlatforms) = postSolution
		{EABACB6A-1055-40EC-A1E7-D9490DE65F14}.Debug|Any CPU.ActiveCfg = Debug|Any CPU
		{EABACB6A-1055-40EC-A1E7-D9490DE65F14}.Debug|Any CPU.Build.0 = Debug|Any CPU
		{EABACB6A-1055-40EC-A1E7-D9490DE65F14}.Release|Any CPU.ActiveCfg = Release|Any CPU
		{EABACB6A-1055-40EC-A1E7-D9490DE65F14}.Release|Any CPU.Build.0 = Release|Any CPU
	EndGlobalSection
	GlobalSection(SolutionProperties) = preSolution
		HideSolutionNode = FALSE
	EndGlobalSection
	GlobalSection(ExtensibilityGlobals) = postSolution
		SolutionGuid = {29E93B16-3772-486C-B958-FEA4C6F59E1C}
	EndGlobalSection
EndGlobal
